schema: '2.0'
stages:
  data_ingestion:
    cmd: python house_price/components/data_ingestion.py
    deps:
    - path: house_price/components/data_ingestion.py
      hash: md5
      md5: e5d334b7155692c3026a8702228be7b8
      size: 2098
    - path: house_price/data_access/mongo_db.py
      hash: md5
      md5: b02fa75043b1bd0a753d6f94a1e3064e
      size: 1558
    outs:
    - path: artifacts/data_ingestion/feature_store/data.csv
      hash: md5
      md5: 345f53abb4205c73ad17e3a11ff1e631
      size: 445158
    - path: artifacts/data_ingestion/test/test.csv
      hash: md5
      md5: eea7e3d744ce7b4aa59c4f3425d349b0
      size: 89852
    - path: artifacts/data_ingestion/train/train.csv
      hash: md5
      md5: 37410420f5d9c8c359884bc373b27039
      size: 356158
  data_transformation:
    cmd: python house_price/components/data_transformation.py
    deps:
    - path: artifacts/data_ingestion/test/test.csv
      hash: md5
      md5: eea7e3d744ce7b4aa59c4f3425d349b0
      size: 89852
    - path: artifacts/data_ingestion/train/train.csv
      hash: md5
      md5: 37410420f5d9c8c359884bc373b27039
      size: 356158
    - path: config/config.yaml
      hash: md5
      md5: 7584967fc2ef40c0b9e8fbb596f2a0a5
      size: 1665
    - path: house_price/components/data_transformation.py
      hash: md5
      md5: f851984ef38b07315f906afbcfd1d4d4
      size: 6225
    outs:
    - path: artifacts/data_transformation/preprocessor/feature_preprocessor.pkl
      hash: md5
      md5: f52befb1ad6bb4b80e4ceb411c21154a
      size: 67350
    - path: artifacts/data_transformation/preprocessor/target_preprocessor.pkl
      hash: md5
      md5: 20e031d3181f8d947766fb88613479f5
      size: 494
    - path: artifacts/data_transformation/test/test.npy
      hash: md5
      md5: 46b58cc09d44d445ada56ba33b174f9f
      size: 158976
    - path: artifacts/data_transformation/train/train.npy
      hash: md5
      md5: a31cf2d7c9050395f55e9ef11f4e540b
      size: 635520
  data_validation:
    cmd: python house_price/components/data_validation.py
    deps:
    - path: artifacts/data_ingestion/test/test.csv
      hash: md5
      md5: eea7e3d744ce7b4aa59c4f3425d349b0
      size: 89852
    - path: artifacts/data_ingestion/train/train.csv
      hash: md5
      md5: 37410420f5d9c8c359884bc373b27039
      size: 356158
    - path: house_price/components/data_validation.py
      hash: md5
      md5: 8b400eafb6123476c94a58c90b0defec
      size: 3713
    outs:
    - path: artifacts/data_validation/drift.yaml
      hash: md5
      md5: 434d9ba6f301f26f5eb21e905ee2800e
      size: 88702
    - path: artifacts/data_validation/validation_status.json
      hash: md5
      md5: a1cbd35d4488ac8cc6f959d4c633dc37
      size: 16
  model_trainer:
    cmd: python house_price/components/model_trainer.py
    deps:
    - path: artifacts/data_transformation/preprocessor/feature_preprocessor.pkl
      hash: md5
      md5: f52befb1ad6bb4b80e4ceb411c21154a
      size: 67350
    - path: artifacts/data_transformation/preprocessor/target_preprocessor.pkl
      hash: md5
      md5: 20e031d3181f8d947766fb88613479f5
      size: 494
    - path: artifacts/data_transformation/test/test.npy
      hash: md5
      md5: 46b58cc09d44d445ada56ba33b174f9f
      size: 158976
    - path: artifacts/data_transformation/train/train.npy
      hash: md5
      md5: a31cf2d7c9050395f55e9ef11f4e540b
      size: 635520
    - path: config/model.yaml
      hash: md5
      md5: c5d1ff1246efd079b852e783a4ef244f
      size: 471
    - path: house_price/components/model_trainer.py
      hash: md5
      md5: f23e3ced8ef30899628b4b1c8e2047b8
      size: 4470
    outs:
    - path: artifacts/model_trainer/id.json
      hash: md5
      md5: 169e844ad4428a56006b3b95294fa72c
      size: 16
    - path: artifacts/model_trainer/model.pkl
      hash: md5
      md5: 7938518e4a63e4731076b0f5391e170e
      size: 1018
  model_evaluation:
    cmd: python house_price/components/model_evaluation.py
    deps:
    - path: artifacts/data_ingestion/test/test.csv
      hash: md5
      md5: eea7e3d744ce7b4aa59c4f3425d349b0
      size: 89852
    - path: artifacts/data_transformation/preprocessor/target_preprocessor.pkl
      hash: md5
      md5: 20e031d3181f8d947766fb88613479f5
      size: 494
    - path: house_price/components/model_evaluation.py
      hash: md5
      md5: 4fd48ef5de24ad5b3310f6391f2710d4
      size: 3572
    outs:
    - path: artifacts/model_evaluation/evaluation_status.json
      hash: md5
      md5: a1cbd35d4488ac8cc6f959d4c633dc37
      size: 16
  model_pusher:
    cmd: python house_price/components/model_pusher.py
    deps:
    - path: artifacts/model_trainer/id.json
      hash: md5
      md5: 169e844ad4428a56006b3b95294fa72c
      size: 16
    - path: house_price/components/model_pusher.py
      hash: md5
      md5: 67129aebd2deab8f6a5db3b75941d5b0
      size: 2554
    outs:
    - path: model/model.pkl
      hash: md5
      md5: 22814072b12ef57ce19d2103a128d90e
      size: 69511
